
Microsoft Visual Studio Solution File, Format Version 12.00
# Visual Studio Version 16
VisualStudioVersion = 16.0.30611.23
MinimumVisualStudioVersion = 10.0.40219.1
Project("{8BC9CEB8-8B4A-11D0-8D11-00A0C91BC942}") = "algorithm 6-4", "algorithm 6-4\algorithm 6-4.vcxproj", "{18DD4138-9A3F-47FE-8DD6-DFD6B96DF73F}"
EndProject
Global
	GlobalSection(SolutionConfigurationPlatforms) = preSolution
		Debug|x64 = Debug|x64
		Debug|x86 = Debug|x86
		Release|x64 = Release|x64
		Release|x86 = Release|x86
	EndGlobalSection
	GlobalSection(ProjectConfigurationPlatforms) = postSolution
		{18DD4138-9A3F-47FE-8DD6-DFD6B96DF73F}.Debug|x64.ActiveCfg = Debug|x64
		{18DD4138-9A3F-47FE-8DD6-DFD6B96DF73F}.Debug|x64.Build.0 = Debug|x64
		{18DD4138-9A3F-47FE-8DD6-DFD6B96DF73F}.Debug|x86.ActiveCfg = Debug|Win32
		{18DD4138-9A3F-47FE-8DD6-DFD6B96DF73F}.Debug|x86.Build.0 = Debug|Win32
		{18DD4138-9A3F-47FE-8DD6-DFD6B96DF73F}.Release|x64.ActiveCfg = Release|x64
		{18DD4138-9A3F-47FE-8DD6-DFD6B96DF73F}.Release|x64.Build.0 = Release|x64
		{18DD4138-9A3F-47FE-8DD6-DFD6B96DF73F}.Release|x86.ActiveCfg = Release|Win32
		{18DD4138-9A3F-47FE-8DD6-DFD6B96DF73F}.Release|x86.Build.0 = Release|Win32
	EndGlobalSection
	GlobalSection(SolutionProperties) = preSolution
		HideSolutionNode = FALSE
	EndGlobalSection
	GlobalSection(ExtensibilityGlobals) = postSolution
		SolutionGuid = {4B455904-8001-44EA-BFD4-41AE2EF1C95F}
	EndGlobalSection
EndGlobal
